
Microsoft Visual Studio Solution File, Format Version 12.00
# Visual Studio 14
VisualStudioVersion = 14.0.23107.0
MinimumVisualStudioVersion = 10.0.40219.1
Project("{8BC9CEB8-8B4A-11D0-8D11-00A0C91BC942}") = "PPApiForDotNet", "PPApiForDotNet\PPApiForDotNet.vcxproj", "{77BAB8AF-7609-44E4-AAA7-3618B2A4C095}"
EndProject
Project("{8BC9CEB8-8B4A-11D0-8D11-00A0C91BC942}") = "PPApi", "PPApi\PPApi.vcxproj", "{FBACCD7B-1D61-4CC2-84B7-D8DD497A58BC}"
EndProject
Global
	GlobalSection(SolutionConfigurationPlatforms) = preSolution
		Debug|x64 = Debug|x64
		Debug|x86 = Debug|x86
		Release|x64 = Release|x64
		Release|x86 = Release|x86
	EndGlobalSection
	GlobalSection(ProjectConfigurationPlatforms) = postSolution
		{77BAB8AF-7609-44E4-AAA7-3618B2A4C095}.Debug|x64.ActiveCfg = Debug|x64
		{77BAB8AF-7609-44E4-AAA7-3618B2A4C095}.Debug|x64.Build.0 = Debug|x64
		{77BAB8AF-7609-44E4-AAA7-3618B2A4C095}.Debug|x86.ActiveCfg = Debug|Win32
		{77BAB8AF-7609-44E4-AAA7-3618B2A4C095}.Debug|x86.Build.0 = Debug|Win32
		{77BAB8AF-7609-44E4-AAA7-3618B2A4C095}.Release|x64.ActiveCfg = Release|x64
		{77BAB8AF-7609-44E4-AAA7-3618B2A4C095}.Release|x64.Build.0 = Release|x64
		{77BAB8AF-7609-44E4-AAA7-3618B2A4C095}.Release|x86.ActiveCfg = Release|Win32
		{77BAB8AF-7609-44E4-AAA7-3618B2A4C095}.Release|x86.Build.0 = Release|Win32
		{FBACCD7B-1D61-4CC2-84B7-D8DD497A58BC}.Debug|x64.ActiveCfg = Debug|x64
		{FBACCD7B-1D61-4CC2-84B7-D8DD497A58BC}.Debug|x64.Build.0 = Debug|x64
		{FBACCD7B-1D61-4CC2-84B7-D8DD497A58BC}.Debug|x86.ActiveCfg = Debug|Win32
		{FBACCD7B-1D61-4CC2-84B7-D8DD497A58BC}.Debug|x86.Build.0 = Debug|Win32
		{FBACCD7B-1D61-4CC2-84B7-D8DD497A58BC}.Release|x64.ActiveCfg = Release|x64
		{FBACCD7B-1D61-4CC2-84B7-D8DD497A58BC}.Release|x64.Build.0 = Release|x64
		{FBACCD7B-1D61-4CC2-84B7-D8DD497A58BC}.Release|x86.ActiveCfg = Release|Win32
		{FBACCD7B-1D61-4CC2-84B7-D8DD497A58BC}.Release|x86.Build.0 = Release|Win32
	EndGlobalSection
	GlobalSection(SolutionProperties) = preSolution
		HideSolutionNode = FALSE
	EndGlobalSection
EndGlobal
