<?xml version="1.0" encoding="utf-8"?>
<Project ToolsVersion="4.0" xmlns="http://schemas.microsoft.com/developer/msbuild/2003">
  <ItemGroup>
    <Filter Include="Source Files">
      <UniqueIdentifier>{4FC737F1-C7A5-4376-A066-2A32D752A2FF}</UniqueIdentifier>
      <Extensions>cpp;c;cc;cxx;def;odl;idl;hpj;bat;asm;asmx</Extensions>
    </Filter>
    <Filter Include="Header Files">
      <UniqueIdentifier>{93995380-89BD-4b04-88EB-625FBE52EBFB}</UniqueIdentifier>
      <Extensions>h;hh;hpp;hxx;hm;inl;inc;xsd</Extensions>
    </Filter>
    <Filter Include="Resource Files">
      <UniqueIdentifier>{67DA6AB6-F800-4c08-8B7A-83BB121AAD01}</UniqueIdentifier>
      <Extensions>rc;ico;cur;bmp;dlg;rc2;rct;bin;rgs;gif;jpg;jpeg;jpe;resx;tiff;tif;png;wav;mfcribbon-ms</Extensions>
    </Filter>
  </ItemGroup>
  <ItemGroup>
    <ClInclude Include="targetver.h">
      <Filter>Header Files</Filter>
    </ClInclude>
  </ItemGroup>
  <ItemGroup>
    <ClCompile Include="..\..\external\ppapi\cpp\array_output.cc">
      <Filter>Source Files</Filter>
    </ClCompile>
    <ClCompile Include="..\..\external\ppapi\cpp\audio.cc" />
    <ClCompile Include="..\..\external\ppapi\cpp\audio_buffer.cc" />
    <ClCompile Include="..\..\external\ppapi\cpp\audio_config.cc" />
    <ClCompile Include="..\..\external\ppapi\cpp\audio_encoder.cc" />
    <ClCompile Include="..\..\external\ppapi\cpp\compositor.cc" />
    <ClCompile Include="..\..\external\ppapi\cpp\compositor_layer.cc" />
    <ClCompile Include="..\..\external\ppapi\cpp\core.cc" />
    <ClCompile Include="..\..\external\ppapi\cpp\directory_entry.cc" />
    <ClCompile Include="..\..\external\ppapi\cpp\file_io.cc" />
    <ClCompile Include="..\..\external\ppapi\cpp\file_ref.cc" />
    <ClCompile Include="..\..\external\ppapi\cpp\file_system.cc" />
    <ClCompile Include="..\..\external\ppapi\cpp\fullscreen.cc" />
    <ClCompile Include="..\..\external\ppapi\cpp\graphics_2d.cc" />
    <ClCompile Include="..\..\external\ppapi\cpp\graphics_3d.cc" />
    <ClCompile Include="..\..\external\ppapi\cpp\graphics_3d_client.cc" />
    <ClCompile Include="..\..\external\ppapi\cpp\host_resolver.cc" />
    <ClCompile Include="..\..\external\ppapi\cpp\image_data.cc" />
    <ClCompile Include="..\..\external\ppapi\cpp\input_event.cc" />
    <ClCompile Include="..\..\external\ppapi\cpp\instance.cc" />
    <ClCompile Include="..\..\external\ppapi\cpp\instance_handle.cc" />
    <ClCompile Include="..\..\external\ppapi\cpp\media_stream_audio_track.cc" />
    <ClCompile Include="..\..\external\ppapi\cpp\media_stream_video_track.cc" />
    <ClCompile Include="..\..\external\ppapi\cpp\message_loop.cc" />
    <ClCompile Include="..\..\external\ppapi\cpp\module.cc" />
    <ClCompile Include="..\..\external\ppapi\cpp\mouse_cursor.cc" />
    <ClCompile Include="..\..\external\ppapi\cpp\mouse_lock.cc" />
    <ClCompile Include="..\..\external\ppapi\cpp\network_list.cc" />
    <ClCompile Include="..\..\external\ppapi\cpp\network_monitor.cc" />
    <ClCompile Include="..\..\external\ppapi\cpp\network_proxy.cc" />
    <ClCompile Include="..\..\external\ppapi\cpp\net_address.cc" />
    <ClCompile Include="..\..\external\ppapi\cpp\ppp_entrypoints.cc" />
    <ClCompile Include="..\..\external\ppapi\cpp\rect.cc" />
    <ClCompile Include="..\..\external\ppapi\cpp\resource.cc" />
    <ClCompile Include="..\..\external\ppapi\cpp\tcp_socket.cc" />
    <ClCompile Include="..\..\external\ppapi\cpp\text_input_controller.cc" />
    <ClCompile Include="..\..\external\ppapi\cpp\udp_socket.cc" />
    <ClCompile Include="..\..\external\ppapi\cpp\url_loader.cc" />
    <ClCompile Include="..\..\external\ppapi\cpp\url_request_info.cc" />
    <ClCompile Include="..\..\external\ppapi\cpp\url_response_info.cc" />
    <ClCompile Include="..\..\external\ppapi\cpp\var.cc" />
    <ClCompile Include="..\..\external\ppapi\cpp\var_array.cc" />
    <ClCompile Include="..\..\external\ppapi\cpp\var_array_buffer.cc" />
    <ClCompile Include="..\..\external\ppapi\cpp\var_dictionary.cc" />
    <ClCompile Include="..\..\external\ppapi\cpp\video_decoder.cc" />
    <ClCompile Include="..\..\external\ppapi\cpp\video_encoder.cc" />
    <ClCompile Include="..\..\external\ppapi\cpp\video_frame.cc" />
    <ClCompile Include="..\..\external\ppapi\cpp\view.cc" />
    <ClCompile Include="..\..\external\ppapi\cpp\websocket.cc" />
  </ItemGroup>
</Project>